
Microsoft Visual Studio Solution File, Format Version 12.00
# Visual Studio Version 17
VisualStudioVersion = 17.2.32526.322
MinimumVisualStudioVersion = 10.0.40219.1
Project("{FAE04EC0-301F-11D3-BF4B-00C04F79EFBC}") = "ModeloProyectoFinal_VictorPolo", "ModeloProyectoFinal_VictorPolo.csproj", "{9C664604-96E1-44B0-9C12-0D050AE06C75}"
EndProject
Global
	GlobalSection(SolutionConfigurationPlatforms) = preSolution
		Debug|Any CPU = Debug|Any CPU
		Release|Any CPU = Release|Any CPU
	EndGlobalSection
	GlobalSection(ProjectConfigurationPlatforms) = postSolution
		{9C664604-96E1-44B0-9C12-0D050AE06C75}.Debug|Any CPU.ActiveCfg = Debug|Any CPU
		{9C664604-96E1-44B0-9C12-0D050AE06C75}.Debug|Any CPU.Build.0 = Debug|Any CPU
		{9C664604-96E1-44B0-9C12-0D050AE06C75}.Release|Any CPU.ActiveCfg = Release|Any CPU
		{9C664604-96E1-44B0-9C12-0D050AE06C75}.Release|Any CPU.Build.0 = Release|Any CPU
	EndGlobalSection
	GlobalSection(SolutionProperties) = preSolution
		HideSolutionNode = FALSE
	EndGlobalSection
	GlobalSection(ExtensibilityGlobals) = postSolution
		SolutionGuid = {DE5EBD1B-BDE3-44CE-9C66-7E2173294064}
	EndGlobalSection
EndGlobal
